
Microsoft Visual Studio Solution File, Format Version 12.00
# Visual Studio Version 16
VisualStudioVersion = 16.0.31019.35
MinimumVisualStudioVersion = 10.0.40219.1
Project("{9A19103F-16F7-4668-BE54-9A1E7A4F7556}") = "MedicappApi", "MedicappApi\MedicappApi.csproj", "{C59858C8-57B0-4417-9488-1422810C5FAA}"
EndProject
Project("{FAE04EC0-301F-11D3-BF4B-00C04F79EFBC}") = "MedicappApiTest", "MedicappApiTest\MedicappApiTest.csproj", "{97F00A9C-8C7F-484F-AF2F-5232678E55C2}"
EndProject
Global
	GlobalSection(SolutionConfigurationPlatforms) = preSolution
		Debug|Any CPU = Debug|Any CPU
		Release|Any CPU = Release|Any CPU
	EndGlobalSection
	GlobalSection(ProjectConfigurationPlatforms) = postSolution
		{C59858C8-57B0-4417-9488-1422810C5FAA}.Debug|Any CPU.ActiveCfg = Debug|Any CPU
		{C59858C8-57B0-4417-9488-1422810C5FAA}.Debug|Any CPU.Build.0 = Debug|Any CPU
		{C59858C8-57B0-4417-9488-1422810C5FAA}.Release|Any CPU.ActiveCfg = Release|Any CPU
		{C59858C8-57B0-4417-9488-1422810C5FAA}.Release|Any CPU.Build.0 = Release|Any CPU
		{97F00A9C-8C7F-484F-AF2F-5232678E55C2}.Debug|Any CPU.ActiveCfg = Debug|Any CPU
		{97F00A9C-8C7F-484F-AF2F-5232678E55C2}.Debug|Any CPU.Build.0 = Debug|Any CPU
		{97F00A9C-8C7F-484F-AF2F-5232678E55C2}.Release|Any CPU.ActiveCfg = Release|Any CPU
		{97F00A9C-8C7F-484F-AF2F-5232678E55C2}.Release|Any CPU.Build.0 = Release|Any CPU
	EndGlobalSection
	GlobalSection(SolutionProperties) = preSolution
		HideSolutionNode = FALSE
	EndGlobalSection
	GlobalSection(ExtensibilityGlobals) = postSolution
		SolutionGuid = {45B1C0FA-E535-4208-88A3-C726B42701A4}
	EndGlobalSection
EndGlobal
